
Microsoft Visual Studio Solution File, Format Version 12.00
Project("{C5C77FE4-0058-4D8D-B9F2-F76D2743D859}") = "GalaxyTweaker", "GalaxyTweakerProject\GalaxyTweaker.csproj", "{5ADED29F-4A84-4255-938B-15735E724322}"
EndProject
Global
	GlobalSection(SolutionConfigurationPlatforms) = preSolution
		Debug|Any CPU = Debug|Any CPU
		Release|Any CPU = Release|Any CPU
	EndGlobalSection
	GlobalSection(ProjectConfigurationPlatforms) = postSolution
		{5ADED29F-4A84-4255-938B-15735E724322}.Debug|Any CPU.ActiveCfg = Debug|Any CPU
		{5ADED29F-4A84-4255-938B-15735E724322}.Debug|Any CPU.Build.0 = Debug|Any CPU
		{5ADED29F-4A84-4255-938B-15735E724322}.Release|Any CPU.ActiveCfg = Release|Any CPU
		{5ADED29F-4A84-4255-938B-15735E724322}.Release|Any CPU.Build.0 = Release|Any CPU
	EndGlobalSection
EndGlobal
